
Microsoft Visual Studio Solution File, Format Version 12.00
# Visual Studio 15
VisualStudioVersion = 15.0.26228.9
MinimumVisualStudioVersion = 10.0.40219.1
Project("{FAE04EC0-301F-11D3-BF4B-00C04F79EFBC}") = "HealthCheck", "HealthCheck\HealthCheck.csproj", "{CD39FB2A-461A-4341-A138-CA2FCF57A98F}"
EndProject
Project("{2150E333-8FDC-42A3-9474-1A3956D46DE8}") = "Tests", "Tests", "{5EA4B7D8-E79D-4168-820B-4EDC6F50A917}"
EndProject
Project("{FAE04EC0-301F-11D3-BF4B-00C04F79EFBC}") = "SampleApplication", "SampleApplication\SampleApplication.csproj", "{1E8D8E9D-1F9E-408D-A0AF-55650FFA08F3}"
EndProject
Project("{FAE04EC0-301F-11D3-BF4B-00C04F79EFBC}") = "HealthCheck.EndToEndTests", "HealthCheck.EndToEndTests\HealthCheck.EndToEndTests.csproj", "{7B8E5E21-DD7B-4C19-B5D4-AA3D7ABACA66}"
EndProject
Global
	GlobalSection(SolutionConfigurationPlatforms) = preSolution
		Debug|Any CPU = Debug|Any CPU
		Release|Any CPU = Release|Any CPU
	EndGlobalSection
	GlobalSection(ProjectConfigurationPlatforms) = postSolution
		{CD39FB2A-461A-4341-A138-CA2FCF57A98F}.Debug|Any CPU.ActiveCfg = Debug|Any CPU
		{CD39FB2A-461A-4341-A138-CA2FCF57A98F}.Debug|Any CPU.Build.0 = Debug|Any CPU
		{CD39FB2A-461A-4341-A138-CA2FCF57A98F}.Release|Any CPU.ActiveCfg = Release|Any CPU
		{CD39FB2A-461A-4341-A138-CA2FCF57A98F}.Release|Any CPU.Build.0 = Release|Any CPU
		{1E8D8E9D-1F9E-408D-A0AF-55650FFA08F3}.Debug|Any CPU.ActiveCfg = Debug|Any CPU
		{1E8D8E9D-1F9E-408D-A0AF-55650FFA08F3}.Debug|Any CPU.Build.0 = Debug|Any CPU
		{1E8D8E9D-1F9E-408D-A0AF-55650FFA08F3}.Release|Any CPU.ActiveCfg = Release|Any CPU
		{1E8D8E9D-1F9E-408D-A0AF-55650FFA08F3}.Release|Any CPU.Build.0 = Release|Any CPU
		{7B8E5E21-DD7B-4C19-B5D4-AA3D7ABACA66}.Debug|Any CPU.ActiveCfg = Debug|Any CPU
		{7B8E5E21-DD7B-4C19-B5D4-AA3D7ABACA66}.Debug|Any CPU.Build.0 = Debug|Any CPU
		{7B8E5E21-DD7B-4C19-B5D4-AA3D7ABACA66}.Release|Any CPU.ActiveCfg = Release|Any CPU
		{7B8E5E21-DD7B-4C19-B5D4-AA3D7ABACA66}.Release|Any CPU.Build.0 = Release|Any CPU
	EndGlobalSection
	GlobalSection(SolutionProperties) = preSolution
		HideSolutionNode = FALSE
	EndGlobalSection
	GlobalSection(NestedProjects) = preSolution
		{1E8D8E9D-1F9E-408D-A0AF-55650FFA08F3} = {5EA4B7D8-E79D-4168-820B-4EDC6F50A917}
		{7B8E5E21-DD7B-4C19-B5D4-AA3D7ABACA66} = {5EA4B7D8-E79D-4168-820B-4EDC6F50A917}
	EndGlobalSection
EndGlobal
